
Microsoft Visual Studio Solution File, Format Version 12.00
# Visual Studio Version 17
VisualStudioVersion = 17.0.31903.59
MinimumVisualStudioVersion = 10.0.40219.1
Project("{9A19103F-16F7-4668-BE54-9A1E7A4F7556}") = "GameAPI", "GameAPI\GameAPI.csproj", "{6A712816-E16D-4308-919A-21D42B641562}"
EndProject
Project("{9A19103F-16F7-4668-BE54-9A1E7A4F7556}") = "GameLogic", "GameLogic\GameLogic.csproj", "{5A3E49D3-D3C8-4440-8453-65ED9398609A}"
EndProject
Global
	GlobalSection(SolutionConfigurationPlatforms) = preSolution
		Debug|Any CPU = Debug|Any CPU
		Release|Any CPU = Release|Any CPU
	EndGlobalSection
	GlobalSection(ProjectConfigurationPlatforms) = postSolution
		{6A712816-E16D-4308-919A-21D42B641562}.Debug|Any CPU.ActiveCfg = Debug|Any CPU
		{6A712816-E16D-4308-919A-21D42B641562}.Debug|Any CPU.Build.0 = Debug|Any CPU
		{6A712816-E16D-4308-919A-21D42B641562}.Release|Any CPU.ActiveCfg = Release|Any CPU
		{6A712816-E16D-4308-919A-21D42B641562}.Release|Any CPU.Build.0 = Release|Any CPU
		{5A3E49D3-D3C8-4440-8453-65ED9398609A}.Debug|Any CPU.ActiveCfg = Debug|Any CPU
		{5A3E49D3-D3C8-4440-8453-65ED9398609A}.Debug|Any CPU.Build.0 = Debug|Any CPU
		{5A3E49D3-D3C8-4440-8453-65ED9398609A}.Release|Any CPU.ActiveCfg = Release|Any CPU
		{5A3E49D3-D3C8-4440-8453-65ED9398609A}.Release|Any CPU.Build.0 = Release|Any CPU
	EndGlobalSection
	GlobalSection(SolutionProperties) = preSolution
		HideSolutionNode = FALSE
	EndGlobalSection
	GlobalSection(ExtensibilityGlobals) = postSolution
		SolutionGuid = {944C734C-2923-496A-9DDB-197780591F21}
	EndGlobalSection
EndGlobal
